
Microsoft Visual Studio Solution File, Format Version 12.00
# Visual Studio 15
VisualStudioVersion = 15.0.28010.2019
MinimumVisualStudioVersion = 10.0.40219.1
Project("{8BC9CEB8-8B4A-11D0-8D11-00A0C91BC942}") = "Lab_8", "Lab_8\Lab_8.vcxproj", "{3D74D66A-4AF6-499E-8C05-6A1A265B980F}"
EndProject
Project("{8BC9CEB8-8B4A-11D0-8D11-00A0C91BC942}") = "Lab_9", "Lab_9\Lab_9.vcxproj", "{C31606D5-C745-4E78-B340-4CBE4F1D89E0}"
EndProject
Project("{8BC9CEB8-8B4A-11D0-8D11-00A0C91BC942}") = "Lab_10", "Lab_10\Lab_10.vcxproj", "{FFBB5C5D-22D3-40C6-B2B2-BD3015070223}"
EndProject
Project("{8BC9CEB8-8B4A-11D0-8D11-00A0C91BC942}") = "Lab_11", "Lab_11\Lab_11.vcxproj", "{B4D9FD8D-0EB6-4130-8AE5-D0A6EFF32810}"
EndProject
Project("{8BC9CEB8-8B4A-11D0-8D11-00A0C91BC942}") = "Lab_12", "Lab_12\Lab_12.vcxproj", "{08A39973-D202-46A3-BAB6-8BBF65E61962}"
EndProject
Project("{8BC9CEB8-8B4A-11D0-8D11-00A0C91BC942}") = "Lab_13", "Lab_13\Lab_13.vcxproj", "{EAB4226B-A153-4744-BEE1-98F972CE835C}"
EndProject
Global
	GlobalSection(SolutionConfigurationPlatforms) = preSolution
		Debug|Any CPU = Debug|Any CPU
		Debug|x64 = Debug|x64
		Debug|x86 = Debug|x86
		Release|Any CPU = Release|Any CPU
		Release|x64 = Release|x64
		Release|x86 = Release|x86
	EndGlobalSection
	GlobalSection(ProjectConfigurationPlatforms) = postSolution
		{3D74D66A-4AF6-499E-8C05-6A1A265B980F}.Debug|Any CPU.ActiveCfg = Debug|Win32
		{3D74D66A-4AF6-499E-8C05-6A1A265B980F}.Debug|x64.ActiveCfg = Debug|x64
		{3D74D66A-4AF6-499E-8C05-6A1A265B980F}.Debug|x64.Build.0 = Debug|x64
		{3D74D66A-4AF6-499E-8C05-6A1A265B980F}.Debug|x86.ActiveCfg = Debug|Win32
		{3D74D66A-4AF6-499E-8C05-6A1A265B980F}.Debug|x86.Build.0 = Debug|Win32
		{3D74D66A-4AF6-499E-8C05-6A1A265B980F}.Release|Any CPU.ActiveCfg = Release|Win32
		{3D74D66A-4AF6-499E-8C05-6A1A265B980F}.Release|x64.ActiveCfg = Release|x64
		{3D74D66A-4AF6-499E-8C05-6A1A265B980F}.Release|x64.Build.0 = Release|x64
		{3D74D66A-4AF6-499E-8C05-6A1A265B980F}.Release|x86.ActiveCfg = Release|Win32
		{3D74D66A-4AF6-499E-8C05-6A1A265B980F}.Release|x86.Build.0 = Release|Win32
		{C31606D5-C745-4E78-B340-4CBE4F1D89E0}.Debug|Any CPU.ActiveCfg = Debug|Win32
		{C31606D5-C745-4E78-B340-4CBE4F1D89E0}.Debug|x64.ActiveCfg = Debug|x64
		{C31606D5-C745-4E78-B340-4CBE4F1D89E0}.Debug|x64.Build.0 = Debug|x64
		{C31606D5-C745-4E78-B340-4CBE4F1D89E0}.Debug|x86.ActiveCfg = Debug|Win32
		{C31606D5-C745-4E78-B340-4CBE4F1D89E0}.Debug|x86.Build.0 = Debug|Win32
		{C31606D5-C745-4E78-B340-4CBE4F1D89E0}.Release|Any CPU.ActiveCfg = Release|Win32
		{C31606D5-C745-4E78-B340-4CBE4F1D89E0}.Release|x64.ActiveCfg = Release|x64
		{C31606D5-C745-4E78-B340-4CBE4F1D89E0}.Release|x64.Build.0 = Release|x64
		{C31606D5-C745-4E78-B340-4CBE4F1D89E0}.Release|x86.ActiveCfg = Release|Win32
		{C31606D5-C745-4E78-B340-4CBE4F1D89E0}.Release|x86.Build.0 = Release|Win32
		{FFBB5C5D-22D3-40C6-B2B2-BD3015070223}.Debug|Any CPU.ActiveCfg = Debug|Win32
		{FFBB5C5D-22D3-40C6-B2B2-BD3015070223}.Debug|x64.ActiveCfg = Debug|x64
		{FFBB5C5D-22D3-40C6-B2B2-BD3015070223}.Debug|x64.Build.0 = Debug|x64
		{FFBB5C5D-22D3-40C6-B2B2-BD3015070223}.Debug|x86.ActiveCfg = Debug|Win32
		{FFBB5C5D-22D3-40C6-B2B2-BD3015070223}.Debug|x86.Build.0 = Debug|Win32
		{FFBB5C5D-22D3-40C6-B2B2-BD3015070223}.Release|Any CPU.ActiveCfg = Release|Win32
		{FFBB5C5D-22D3-40C6-B2B2-BD3015070223}.Release|x64.ActiveCfg = Release|x64
		{FFBB5C5D-22D3-40C6-B2B2-BD3015070223}.Release|x64.Build.0 = Release|x64
		{FFBB5C5D-22D3-40C6-B2B2-BD3015070223}.Release|x86.ActiveCfg = Release|Win32
		{FFBB5C5D-22D3-40C6-B2B2-BD3015070223}.Release|x86.Build.0 = Release|Win32
		{B4D9FD8D-0EB6-4130-8AE5-D0A6EFF32810}.Debug|Any CPU.ActiveCfg = Debug|Win32
		{B4D9FD8D-0EB6-4130-8AE5-D0A6EFF32810}.Debug|x64.ActiveCfg = Debug|x64
		{B4D9FD8D-0EB6-4130-8AE5-D0A6EFF32810}.Debug|x64.Build.0 = Debug|x64
		{B4D9FD8D-0EB6-4130-8AE5-D0A6EFF32810}.Debug|x86.ActiveCfg = Debug|Win32
		{B4D9FD8D-0EB6-4130-8AE5-D0A6EFF32810}.Debug|x86.Build.0 = Debug|Win32
		{B4D9FD8D-0EB6-4130-8AE5-D0A6EFF32810}.Release|Any CPU.ActiveCfg = Release|Win32
		{B4D9FD8D-0EB6-4130-8AE5-D0A6EFF32810}.Release|x64.ActiveCfg = Release|x64
		{B4D9FD8D-0EB6-4130-8AE5-D0A6EFF32810}.Release|x64.Build.0 = Release|x64
		{B4D9FD8D-0EB6-4130-8AE5-D0A6EFF32810}.Release|x86.ActiveCfg = Release|Win32
		{B4D9FD8D-0EB6-4130-8AE5-D0A6EFF32810}.Release|x86.Build.0 = Release|Win32
		{08A39973-D202-46A3-BAB6-8BBF65E61962}.Debug|Any CPU.ActiveCfg = Debug|Win32
		{08A39973-D202-46A3-BAB6-8BBF65E61962}.Debug|x64.ActiveCfg = Debug|x64
		{08A39973-D202-46A3-BAB6-8BBF65E61962}.Debug|x64.Build.0 = Debug|x64
		{08A39973-D202-46A3-BAB6-8BBF65E61962}.Debug|x86.ActiveCfg = Debug|Win32
		{08A39973-D202-46A3-BAB6-8BBF65E61962}.Debug|x86.Build.0 = Debug|Win32
		{08A39973-D202-46A3-BAB6-8BBF65E61962}.Release|Any CPU.ActiveCfg = Release|Win32
		{08A39973-D202-46A3-BAB6-8BBF65E61962}.Release|x64.ActiveCfg = Release|x64
		{08A39973-D202-46A3-BAB6-8BBF65E61962}.Release|x64.Build.0 = Release|x64
		{08A39973-D202-46A3-BAB6-8BBF65E61962}.Release|x86.ActiveCfg = Release|Win32
		{08A39973-D202-46A3-BAB6-8BBF65E61962}.Release|x86.Build.0 = Release|Win32
		{EAB4226B-A153-4744-BEE1-98F972CE835C}.Debug|Any CPU.ActiveCfg = Debug|Win32
		{EAB4226B-A153-4744-BEE1-98F972CE835C}.Debug|x64.ActiveCfg = Debug|x64
		{EAB4226B-A153-4744-BEE1-98F972CE835C}.Debug|x64.Build.0 = Debug|x64
		{EAB4226B-A153-4744-BEE1-98F972CE835C}.Debug|x86.ActiveCfg = Debug|Win32
		{EAB4226B-A153-4744-BEE1-98F972CE835C}.Debug|x86.Build.0 = Debug|Win32
		{EAB4226B-A153-4744-BEE1-98F972CE835C}.Release|Any CPU.ActiveCfg = Release|Win32
		{EAB4226B-A153-4744-BEE1-98F972CE835C}.Release|x64.ActiveCfg = Release|x64
		{EAB4226B-A153-4744-BEE1-98F972CE835C}.Release|x64.Build.0 = Release|x64
		{EAB4226B-A153-4744-BEE1-98F972CE835C}.Release|x86.ActiveCfg = Release|Win32
		{EAB4226B-A153-4744-BEE1-98F972CE835C}.Release|x86.Build.0 = Release|Win32
	EndGlobalSection
	GlobalSection(SolutionProperties) = preSolution
		HideSolutionNode = FALSE
	EndGlobalSection
	GlobalSection(ExtensibilityGlobals) = postSolution
		SolutionGuid = {CEB7BE9A-6405-41F5-B228-D229825AAEE6}
	EndGlobalSection
EndGlobal
